{
  "name": "jquery-validation.github.io",
  "version": "1.0.0",
  "lockfileVersion": 3,
  "requires": true,
  "packages": {
    "": {
      "name": "jquery-validation.github.io",
      "version": "1.0.0",
      "license": "ISC",
      "dependencies": {
        "jquery": "^4.0.0",
        "jquery-form": "^4.3.0",
        "jquery-mockjax": "^3.0.1",
        "jquery-validation": "^1.22.1"
      }
    },
    "node_modules/jquery": {
      "version": "4.0.0",
      "resolved": "https://registry.npmjs.org/jquery/-/jquery-4.0.0.tgz",
      "integrity": "sha512-TXCHVR3Lb6TZdtw1l3RTLf8RBWVGexdxL6AC8/e0xZKEpBflBsjh9/8LXw+dkNFuOyW9B7iB3O1sP7hS0Kiacg==",
      "license": "MIT"
    },
    "node_modules/jquery-form": {
      "version": "4.3.0",
      "resolved": "https://registry.npmjs.org/jquery-form/-/jquery-form-4.3.0.tgz",
      "integrity": "sha512-q3uaVCEWdLOYUCI6dpNdwf/7cJFOsUgdpq6r0taxtGQ5NJSkOzofyWm4jpOuJ5YxdmL1FI5QR+q+HB63HHLGnQ==",
      "license": "(LGPL-2.1+ OR MIT)",
      "dependencies": {
        "jquery": ">=1.7.2"
      }
    },
    "node_modules/jquery-mockjax": {
      "version": "3.0.1",
      "resolved": "https://registry.npmjs.org/jquery-mockjax/-/jquery-mockjax-3.0.1.tgz",
      "integrity": "sha512-dY2w9/eRns/nBcK0L+ruHcadp/XEJ4JZX7HZKPZGBwRUgIaFDRXW/97OTNlPJsc9kGypdYTy8CIbdOs63jPtUQ==",
      "license": "MIT",
      "optionalDependencies": {
        "requirejs": "^2.3.8"
      },
      "peerDependencies": {
        "jquery1": "npm:jquery@^1.12.4",
        "jquery2": "npm:jquery@^2.2.4",
        "jquery3": "npm:jquery@^3.7.1",
        "jquery4": "npm:jquery@^4.0.0"
      }
    },
    "node_modules/jquery-validation": {
      "version": "1.22.1",
      "resolved": "https://registry.npmjs.org/jquery-validation/-/jquery-validation-1.22.1.tgz",
      "integrity": "sha512-ePLXLWK7Rh5eR652YsuIu7YPeGlCXrsJUteVw5iZopiU17yaMd3FaDggs6yyNMl56p8TYVeDRmKGK3fPZrMeQw==",
      "license": "MIT",
      "peerDependencies": {
        "jquery": "^1.7 || ^2.0 || ^3.1 || ^4.0"
      }
    },
    "node_modules/jquery1": {
      "name": "jquery",
      "version": "1.12.4",
      "resolved": "https://registry.npmjs.org/jquery/-/jquery-1.12.4.tgz",
      "integrity": "sha512-UEVp7PPK9xXYSk8xqXCJrkXnKZtlgWkd2GsAQbMRFK6S/ePU2JN5G2Zum8hIVjzR3CpdfSqdqAzId/xd4TJHeg==",
      "deprecated": "This version is deprecated. Please upgrade to the latest version or find support at https://www.herodevs.com/support/jquery-nes.",
      "license": "MIT",
      "peer": true
    },
    "node_modules/jquery2": {
      "name": "jquery",
      "version": "2.2.4",
      "resolved": "https://registry.npmjs.org/jquery/-/jquery-2.2.4.tgz",
      "integrity": "sha512-lBHj60ezci2u1v2FqnZIraShGgEXq35qCzMv4lITyHGppTnA13rwR0MgwyNJh9TnDs3aXUvd1xjAotfraMHX/Q==",
      "deprecated": "This version is deprecated. Please upgrade to the latest version or find support at https://www.herodevs.com/support/jquery-nes.",
      "license": "MIT",
      "peer": true
    },
    "node_modules/jquery3": {
      "name": "jquery",
      "version": "3.7.1",
      "resolved": "https://registry.npmjs.org/jquery/-/jquery-3.7.1.tgz",
      "integrity": "sha512-m4avr8yL8kmFN8psrbFFFmB/If14iN5o9nw/NgnnM+kybDJpRsAynV2BsfpTYrTRysYUdADVD7CkUUizgkpLfg==",
      "license": "MIT",
      "peer": true
    },
    "node_modules/jquery4": {
      "name": "jquery",
      "version": "4.0.0",
      "resolved": "https://registry.npmjs.org/jquery/-/jquery-4.0.0.tgz",
      "integrity": "sha512-TXCHVR3Lb6TZdtw1l3RTLf8RBWVGexdxL6AC8/e0xZKEpBflBsjh9/8LXw+dkNFuOyW9B7iB3O1sP7hS0Kiacg==",
      "license": "MIT",
      "peer": true
    },
    "node_modules/requirejs": {
      "version": "2.3.8",
      "resolved": "https://registry.npmjs.org/requirejs/-/requirejs-2.3.8.tgz",
      "integrity": "sha512-7/cTSLOdYkNBNJcDMWf+luFvMriVm7eYxp4BcFCsAX0wF421Vyce5SXP17c+Jd5otXKGNehIonFlyQXSowL6Mw==",
      "license": "MIT",
      "optional": true,
      "bin": {
        "r_js": "bin/r.js",
        "r.js": "bin/r.js"
      },
      "engines": {
        "node": ">=0.4.0"
      }
    }
  }
}
